
Microsoft Visual Studio Solution File, Format Version 12.00
# Visual Studio 2015
VisualStudioVersion = 14.0.23107.0
MinimumVisualStudioVersion = 10.0.40219.1
Project("{FAE04EC0-301F-11D3-BF4B-00C04F79EFBC}") = "KajaBot", "KajaBot\KajaBot.csproj", "{4FC4DBFB-C101-48B9-9F42-0EFDE6678EC0}"
EndProject
Project("{2150E333-8FDC-42A3-9474-1A3956D46DE8}") = "3rdparty", "3rdparty", "{3C3EC442-9F9A-41CB-AC14-6D72496FB683}"
EndProject
Project("{FAE04EC0-301F-11D3-BF4B-00C04F79EFBC}") = "SlackAPI", "3rdparty\SlackAPI\SlackAPI.csproj", "{0C0A58A8-174E-4A4C-907B-C3569144D15D}"
EndProject
Global
	GlobalSection(SolutionConfigurationPlatforms) = preSolution
		Debug|Any CPU = Debug|Any CPU
		Release|Any CPU = Release|Any CPU
	EndGlobalSection
	GlobalSection(ProjectConfigurationPlatforms) = postSolution
		{4FC4DBFB-C101-48B9-9F42-0EFDE6678EC0}.Debug|Any CPU.ActiveCfg = Debug|Any CPU
		{4FC4DBFB-C101-48B9-9F42-0EFDE6678EC0}.Debug|Any CPU.Build.0 = Debug|Any CPU
		{4FC4DBFB-C101-48B9-9F42-0EFDE6678EC0}.Release|Any CPU.ActiveCfg = Release|Any CPU
		{4FC4DBFB-C101-48B9-9F42-0EFDE6678EC0}.Release|Any CPU.Build.0 = Release|Any CPU
		{0C0A58A8-174E-4A4C-907B-C3569144D15D}.Debug|Any CPU.ActiveCfg = Debug|Any CPU
		{0C0A58A8-174E-4A4C-907B-C3569144D15D}.Debug|Any CPU.Build.0 = Debug|Any CPU
		{0C0A58A8-174E-4A4C-907B-C3569144D15D}.Release|Any CPU.ActiveCfg = Release|Any CPU
		{0C0A58A8-174E-4A4C-907B-C3569144D15D}.Release|Any CPU.Build.0 = Release|Any CPU
	EndGlobalSection
	GlobalSection(SolutionProperties) = preSolution
		HideSolutionNode = FALSE
	EndGlobalSection
	GlobalSection(NestedProjects) = preSolution
		{0C0A58A8-174E-4A4C-907B-C3569144D15D} = {3C3EC442-9F9A-41CB-AC14-6D72496FB683}
	EndGlobalSection
EndGlobal
